// !$*UTF8*$!
{
	archiveVersion = 1;
	classes = {
	};
	objectVersion = 46;
	objects = {

/* Begin PBXBuildFile section */
		4FD40656E50260FFBCA98E56 /* Pods_LegendEats.framework in Frameworks */ = {isa = PBXBuildFile; fileRef = 612A713C9BCC6109DCADFFC4 /* Pods_LegendEats.framework */; };
		D33645171EADD05700ADCECE /* AppDelegate.swift in Sources */ = {isa = PBXBuildFile; fileRef = D33645161EADD05700ADCECE /* AppDelegate.swift */; };
		D336451C1EADD05700ADCECE /* Main.storyboard in Resources */ = {isa = PBXBuildFile; fileRef = D336451A1EADD05700ADCECE /* Main.storyboard */; };
		D336451E1EADD05700ADCECE /* Assets.xcassets in Resources */ = {isa = PBXBuildFile; fileRef = D336451D1EADD05700ADCECE /* Assets.xcassets */; };
		D33645211EADD05700ADCECE /* LaunchScreen.storyboard in Resources */ = {isa = PBXBuildFile; fileRef = D336451F1EADD05700ADCECE /* LaunchScreen.storyboard */; };
		D33645291EADEDFF00ADCECE /* GoogleService-Info.plist in Resources */ = {isa = PBXBuildFile; fileRef = D33645281EADEDFF00ADCECE /* GoogleService-Info.plist */; };
		D33645491EADF23B00ADCECE /* LoginViewController.swift in Sources */ = {isa = PBXBuildFile; fileRef = D33645481EADF23B00ADCECE /* LoginViewController.swift */; };
		D336454D1EADF25C00ADCECE /* HomeViewController.swift in Sources */ = {isa = PBXBuildFile; fileRef = D336454A1EADF25C00ADCECE /* HomeViewController.swift */; };
		D336454E1EADF25C00ADCECE /* ResetPasswordViewController.swift in Sources */ = {isa = PBXBuildFile; fileRef = D336454B1EADF25C00ADCECE /* ResetPasswordViewController.swift */; };
		D336454F1EADF25C00ADCECE /* SignUpViewController.swift in Sources */ = {isa = PBXBuildFile; fileRef = D336454C1EADF25C00ADCECE /* SignUpViewController.swift */; };
		D3EC714B1EB4C17A0059E7C8 /* FirstViewController.swift in Sources */ = {isa = PBXBuildFile; fileRef = D3EC714A1EB4C17A0059E7C8 /* FirstViewController.swift */; };
		D3EC714D1EB4C1800059E7C8 /* SheetViewController.swift in Sources */ = {isa = PBXBuildFile; fileRef = D3EC714C1EB4C1800059E7C8 /* SheetViewController.swift */; };
		D3EC714F1EB4C1850059E7C8 /* ViewControllerTableViewCell.swift in Sources */ = {isa = PBXBuildFile; fileRef = D3EC714E1EB4C1850059E7C8 /* ViewControllerTableViewCell.swift */; };
		D3EC71511EB4C18C0059E7C8 /* refModel.swift in Sources */ = {isa = PBXBuildFile; fileRef = D3EC71501EB4C18C0059E7C8 /* refModel.swift */; };
/* End PBXBuildFile section */

/* Begin PBXFileReference section */
		5F28B8B8A76667D5BBA7549C /* Pods-LegendEats.debug.xcconfig */ = {isa = PBXFileReference; includeInIndex = 1; lastKnownFileType = text.xcconfig; name = "Pods-LegendEats.debug.xcconfig"; path = "Pods/Target Support Files/Pods-LegendEats/Pods-LegendEats.debug.xcconfig"; sourceTree = "<group>"; };
		612A713C9BCC6109DCADFFC4 /* Pods_LegendEats.framework */ = {isa = PBXFileReference; explicitFileType = wrapper.framework; includeInIndex = 0; path = Pods_LegendEats.framework; sourceTree = BUILT_PRODUCTS_DIR; };
		901BA97069D0B369B497F77E /* Pods-LegendEats.release.xcconfig */ = {isa = PBXFileReference; includeInIndex = 1; lastKnownFileType = text.xcconfig; name = "Pods-LegendEats.release.xcconfig"; path = "Pods/Target Support Files/Pods-LegendEats/Pods-LegendEats.release.xcconfig"; sourceTree = "<group>"; };
		D33645131EADD05700ADCECE /* LegendEats.app */ = {isa = PBXFileReference; explicitFileType = wrapper.application; includeInIndex = 0; path = LegendEats.app; sourceTree = BUILT_PRODUCTS_DIR; };
		D33645161EADD05700ADCECE /* AppDelegate.swift */ = {isa = PBXFileReference; lastKnownFileType = sourcecode.swift; path = AppDelegate.swift; sourceTree = "<group>"; };
		D336451B1EADD05700ADCECE /* Base */ = {isa = PBXFileReference; lastKnownFileType = file.storyboard; name = Base; path = Base.lproj/Main.storyboard; sourceTree = "<group>"; };
		D336451D1EADD05700ADCECE /* Assets.xcassets */ = {isa = PBXFileReference; lastKnownFileType = folder.assetcatalog; path = Assets.xcassets; sourceTree = "<group>"; };
		D33645201EADD05700ADCECE /* Base */ = {isa = PBXFileReference; lastKnownFileType = file.storyboard; name = Base; path = Base.lproj/LaunchScreen.storyboard; sourceTree = "<group>"; };
		D33645221EADD05700ADCECE /* Info.plist */ = {isa = PBXFileReference; lastKnownFileType = text.plist.xml; path = Info.plist; sourceTree = "<group>"; };
		D33645281EADEDFF00ADCECE /* GoogleService-Info.plist */ = {isa = PBXFileReference; fileEncoding = 4; lastKnownFileType = text.plist.xml; path = "GoogleService-Info.plist"; sourceTree = "<group>"; };
		D33645481EADF23B00ADCECE /* LoginViewController.swift */ = {isa = PBXFileReference; fileEncoding = 4; lastKnownFileType = sourcecode.swift; path = LoginViewController.swift; sourceTree = "<group>"; };
		D336454A1EADF25C00ADCECE /* HomeViewController.swift */ = {isa = PBXFileReference; fileEncoding = 4; lastKnownFileType = sourcecode.swift; path = HomeViewController.swift; sourceTree = "<group>"; };
		D336454B1EADF25C00ADCECE /* ResetPasswordViewController.swift */ = {isa = PBXFileReference; fileEncoding = 4; lastKnownFileType = sourcecode.swift; path = ResetPasswordViewController.swift; sourceTree = "<group>"; };
		D336454C1EADF25C00ADCECE /* SignUpViewController.swift */ = {isa = PBXFileReference; fileEncoding = 4; lastKnownFileType = sourcecode.swift; path = SignUpViewController.swift; sourceTree = "<group>"; };
		D3EC714A1EB4C17A0059E7C8 /* FirstViewController.swift */ = {isa = PBXFileReference; fileEncoding = 4; lastKnownFileType = sourcecode.swift; path = FirstViewController.swift; sourceTree = "<group>"; };
		D3EC714C1EB4C1800059E7C8 /* SheetViewController.swift */ = {isa = PBXFileReference; fileEncoding = 4; lastKnownFileType = sourcecode.swift; path = SheetViewController.swift; sourceTree = "<group>"; };
		D3EC714E1EB4C1850059E7C8 /* ViewControllerTableViewCell.swift */ = {isa = PBXFileReference; fileEncoding = 4; lastKnownFileType = sourcecode.swift; path = ViewControllerTableViewCell.swift; sourceTree = "<group>"; };
		D3EC71501EB4C18C0059E7C8 /* refModel.swift */ = {isa = PBXFileReference; fileEncoding = 4; lastKnownFileType = sourcecode.swift; path = refModel.swift; sourceTree = "<group>"; };
/* End PBXFileReference section */

/* Begin PBXFrameworksBuildPhase section */
		D33645101EADD05700ADCECE /* Frameworks */ = {
			isa = PBXFrameworksBuildPhase;
			buildActionMask = 2147483647;
			files = (
				4FD40656E50260FFBCA98E56 /* Pods_LegendEats.framework in Frameworks */,
			);
			runOnlyForDeploymentPostprocessing = 0;
		};
/* End PBXFrameworksBuildPhase section */

/* Begin PBXGroup section */
		3FDDC74412A8AAABBFBDEC6E /* Pods */ = {
			isa = PBXGroup;
			children = (
				5F28B8B8A76667D5BBA7549C /* Pods-LegendEats.debug.xcconfig */,
				901BA97069D0B369B497F77E /* Pods-LegendEats.release.xcconfig */,
			);
			name = Pods;
			sourceTree = "<group>";
		};
		444FA8D6554B2DFD279E3520 /* Frameworks */ = {
			isa = PBXGroup;
			children = (
				612A713C9BCC6109DCADFFC4 /* Pods_LegendEats.framework */,
			);
			name = Frameworks;
			sourceTree = "<group>";
		};
		D336450A1EADD05700ADCECE = {
			isa = PBXGroup;
			children = (
				D33645151EADD05700ADCECE /* LegendEats */,
				D33645141EADD05700ADCECE /* Products */,
				3FDDC74412A8AAABBFBDEC6E /* Pods */,
				444FA8D6554B2DFD279E3520 /* Frameworks */,
			);
			sourceTree = "<group>";
		};
		D33645141EADD05700ADCECE /* Products */ = {
			isa = PBXGroup;
			children = (
				D33645131EADD05700ADCECE /* LegendEats.app */,
			);
			name = Products;
			sourceTree = "<group>";
		};
		D33645151EADD05700ADCECE /* LegendEats */ = {
			isa = PBXGroup;
			children = (
				D33645161EADD05700ADCECE /* AppDelegate.swift */,
				D336454A1EADF25C00ADCECE /* HomeViewController.swift */,
				D336454B1EADF25C00ADCECE /* ResetPasswordViewController.swift */,
				D336454C1EADF25C00ADCECE /* SignUpViewController.swift */,
				D33645481EADF23B00ADCECE /* LoginViewController.swift */,
				D3EC714A1EB4C17A0059E7C8 /* FirstViewController.swift */,
				D3EC714C1EB4C1800059E7C8 /* SheetViewController.swift */,
				D3EC714E1EB4C1850059E7C8 /* ViewControllerTableViewCell.swift */,
				D3EC71501EB4C18C0059E7C8 /* refModel.swift */,
				D336451A1EADD05700ADCECE /* Main.storyboard */,
				D336451D1EADD05700ADCECE /* Assets.xcassets */,
				D336451F1EADD05700ADCECE /* LaunchScreen.storyboard */,
				D33645221EADD05700ADCECE /* Info.plist */,
				D33645281EADEDFF00ADCECE /* GoogleService-Info.plist */,
			);
			path = LegendEats;
			sourceTree = "<group>";
		};
/* End PBXGroup section */

/* Begin PBXNativeTarget section */
		D33645121EADD05700ADCECE /* LegendEats */ = {
			isa = PBXNativeTarget;
			buildConfigurationList = D33645251EADD05700ADCECE /* Build configuration list for PBXNativeTarget "LegendEats" */;
			buildPhases = (
				5D4B081B3989A50E2BB1321C /* [CP] Check Pods Manifest.lock */,
				D336450F1EADD05700ADCECE /* Sources */,
				D33645101EADD05700ADCECE /* Frameworks */,
				D33645111EADD05700ADCECE /* Resources */,
				A69EEADF8EC91A5B6C938A8B /* [CP] Embed Pods Frameworks */,
				4D99B81E48F94C33A789A7A3 /* [CP] Copy Pods Resources */,
			);
			buildRules = (
			);
			dependencies = (
			);
			name = LegendEats;
			productName = LegendEats;
			productReference = D33645131EADD05700ADCECE /* LegendEats.app */;
			productType = "com.apple.product-type.application";
		};
/* End PBXNativeTarget section */

/* Begin PBXProject section */
		D336450B1EADD05700ADCECE /* Project object */ = {
			isa = PBXProject;
			attributes = {
				LastSwiftUpdateCheck = 0830;
				LastUpgradeCheck = 0830;
				ORGANIZATIONNAME = "宋佺儒";
				TargetAttributes = {
					D33645121EADD05700ADCECE = {
						CreatedOnToolsVersion = 8.3;
						ProvisioningStyle = Automatic;
					};
				};
			};
			buildConfigurationList = D336450E1EADD05700ADCECE /* Build configuration list for PBXProject "LegendEats" */;
			compatibilityVersion = "Xcode 3.2";
			developmentRegion = English;
			hasScannedForEncodings = 0;
			knownRegions = (
				en,
				Base,
			);
			mainGroup = D336450A1EADD05700ADCECE;
			productRefGroup = D33645141EADD05700ADCECE /* Products */;
			projectDirPath = "";
			projectRoot = "";
			targets = (
				D33645121EADD05700ADCECE /* LegendEats */,
			);
		};
/* End PBXProject section */

/* Begin PBXResourcesBuildPhase section */
		D33645111EADD05700ADCECE /* Resources */ = {
			isa = PBXResourcesBuildPhase;
			buildActionMask = 2147483647;
			files = (
				D33645211EADD05700ADCECE /* LaunchScreen.storyboard in Resources */,
				D33645291EADEDFF00ADCECE /* GoogleService-Info.plist in Resources */,
				D336451E1EADD05700ADCECE /* Assets.xcassets in Resources */,
				D336451C1EADD05700ADCECE /* Main.storyboard in Resources */,
			);
			runOnlyForDeploymentPostprocessing = 0;
		};
/* End PBXResourcesBuildPhase section */

/* Begin PBXShellScriptBuildPhase section */
		4D99B81E48F94C33A789A7A3 /* [CP] Copy Pods Resources */ = {
			isa = PBXShellScriptBuildPhase;
			buildActionMask = 2147483647;
			files = (
			);
			inputPaths = (
			);
			name = "[CP] Copy Pods Resources";
			outputPaths = (
			);
			runOnlyForDeploymentPostprocessing = 0;
			shellPath = /bin/sh;
			shellScript = "\"${SRCROOT}/Pods/Target Support Files/Pods-LegendEats/Pods-LegendEats-resources.sh\"\n";
			showEnvVarsInLog = 0;
		};
		5D4B081B3989A50E2BB1321C /* [CP] Check Pods Manifest.lock */ = {
			isa = PBXShellScriptBuildPhase;
			buildActionMask = 2147483647;
			files = (
			);
			inputPaths = (
			);
			name = "[CP] Check Pods Manifest.lock";
			outputPaths = (
			);
			runOnlyForDeploymentPostprocessing = 0;
			shellPath = /bin/sh;
			shellScript = "diff \"${PODS_PODFILE_DIR_PATH}/Podfile.lock\" \"${PODS_ROOT}/Manifest.lock\" > /dev/null\nif [ $? != 0 ] ; then\n    # print error to STDERR\n    echo \"error: The sandbox is not in sync with the Podfile.lock. Run 'pod install' or update your CocoaPods installation.\" >&2\n    exit 1\nfi\n";
			showEnvVarsInLog = 0;
		};
		A69EEADF8EC91A5B6C938A8B /* [CP] Embed Pods Frameworks */ = {
			isa = PBXShellScriptBuildPhase;
			buildActionMask = 2147483647;
			files = (
			);
			inputPaths = (
			);
			name = "[CP] Embed Pods Frameworks";
			outputPaths = (
			);
			runOnlyForDeploymentPostprocessing = 0;
			shellPath = /bin/sh;
			shellScript = "\"${SRCROOT}/Pods/Target Support Files/Pods-LegendEats/Pods-LegendEats-frameworks.sh\"\n";
			showEnvVarsInLog = 0;
		};
/* End PBXShellScriptBuildPhase section */

/* Begin PBXSourcesBuildPhase section */
		D336450F1EADD05700ADCECE /* Sources */ = {
			isa = PBXSourcesBuildPhase;
			buildActionMask = 2147483647;
			files = (
				D336454F1EADF25C00ADCECE /* SignUpViewController.swift in Sources */,
				D33645491EADF23B00ADCECE /* LoginViewController.swift in Sources */,
				D336454E1EADF25C00ADCECE /* ResetPasswordViewController.swift in Sources */,
				D3EC714D1EB4C1800059E7C8 /* SheetViewController.swift in Sources */,
				D33645171EADD05700ADCECE /* AppDelegate.swift in Sources */,
				D336454D1EADF25C00ADCECE /* HomeViewController.swift in Sources */,
				D3EC71511EB4C18C0059E7C8 /* refModel.swift in Sources */,
				D3EC714B1EB4C17A0059E7C8 /* FirstViewController.swift in Sources */,
				D3EC714F1EB4C1850059E7C8 /* ViewControllerTableViewCell.swift in Sources */,
			);
			runOnlyForDeploymentPostprocessing = 0;
		};
/* End PBXSourcesBuildPhase section */

/* Begin PBXVariantGroup section */
		D336451A1EADD05700ADCECE /* Main.storyboard */ = {
			isa = PBXVariantGroup;
			children = (
				D336451B1EADD05700ADCECE /* Base */,
			);
			name = Main.storyboard;
			sourceTree = "<group>";
		};
		D336451F1EADD05700ADCECE /* LaunchScreen.storyboard */ = {
			isa = PBXVariantGroup;
			children = (
				D33645201EADD05700ADCECE /* Base */,
			);
			name = LaunchScreen.storyboard;
			sourceTree = "<group>";
		};
/* End PBXVariantGroup section */

/* Begin XCBuildConfiguration section */
		D33645231EADD05700ADCECE /* Debug */ = {
			isa = XCBuildConfiguration;
			buildSettings = {
				ALWAYS_SEARCH_USER_PATHS = NO;
				CLANG_ANALYZER_NONNULL = YES;
				CLANG_ANALYZER_NUMBER_OBJECT_CONVERSION = YES_AGGRESSIVE;
				CLANG_CXX_LANGUAGE_STANDARD = "gnu++0x";
				CLANG_CXX_LIBRARY = "libc++";
				CLANG_ENABLE_MODULES = YES;
				CLANG_ENABLE_OBJC_ARC = YES;
				CLANG_WARN_BOOL_CONVERSION = YES;
				CLANG_WARN_CONSTANT_CONVERSION = YES;
				CLANG_WARN_DIRECT_OBJC_ISA_USAGE = YES_ERROR;
				CLANG_WARN_DOCUMENTATION_COMMENTS = YES;
				CLANG_WARN_EMPTY_BODY = YES;
				CLANG_WARN_ENUM_CONVERSION = YES;
				CLANG_WARN_INFINITE_RECURSION = YES;
				CLANG_WARN_INT_CONVERSION = YES;
				CLANG_WARN_OBJC_ROOT_CLASS = YES_ERROR;
				CLANG_WARN_SUSPICIOUS_MOVE = YES;
				CLANG_WARN_UNREACHABLE_CODE = YES;
				CLANG_WARN__DUPLICATE_METHOD_MATCH = YES;
				"CODE_SIGN_IDENTITY[sdk=iphoneos*]" = "iPhone Developer";
				COPY_PHASE_STRIP = NO;
				DEBUG_INFORMATION_FORMAT = dwarf;
				ENABLE_STRICT_OBJC_MSGSEND = YES;
				ENABLE_TESTABILITY = YES;
				GCC_C_LANGUAGE_STANDARD = gnu99;
				GCC_DYNAMIC_NO_PIC = NO;
				GCC_NO_COMMON_BLOCKS = YES;
				GCC_OPTIMIZATION_LEVEL = 0;
				GCC_PREPROCESSOR_DEFINITIONS = (
					"DEBUG=1",
					"$(inherited)",
				);
				GCC_WARN_64_TO_32_BIT_CONVERSION = YES;
				GCC_WARN_ABOUT_RETURN_TYPE = YES_ERROR;
				GCC_WARN_UNDECLARED_SELECTOR = YES;
				GCC_WARN_UNINITIALIZED_AUTOS = YES_AGGRESSIVE;
				GCC_WARN_UNUSED_FUNCTION = YES;
				GCC_WARN_UNUSED_VARIABLE = YES;
				IPHONEOS_DEPLOYMENT_TARGET = 10.3;
				MTL_ENABLE_DEBUG_INFO = YES;
				ONLY_ACTIVE_ARCH = YES;
				SDKROOT = iphoneos;
				SWIFT_ACTIVE_COMPILATION_CONDITIONS = DEBUG;
				SWIFT_OPTIMIZATION_LEVEL = "-Onone";
				TARGETED_DEVICE_FAMILY = "1,2";
			};
			name = Debug;
		};
		D33645241EADD05700ADCECE /* Release */ = {
			isa = XCBuildConfiguration;
			buildSettings = {
				ALWAYS_SEARCH_USER_PATHS = NO;
				CLANG_ANALYZER_NONNULL = YES;
				CLANG_ANALYZER_NUMBER_OBJECT_CONVERSION = YES_AGGRESSIVE;
				CLANG_CXX_LANGUAGE_STANDARD = "gnu++0x";
				CLANG_CXX_LIBRARY = "libc++";
				CLANG_ENABLE_MODULES = YES;
				CLANG_ENABLE_OBJC_ARC = YES;
				CLANG_WARN_BOOL_CONVERSION = YES;
				CLANG_WARN_CONSTANT_CONVERSION = YES;
				CLANG_WARN_DIRECT_OBJC_ISA_USAGE = YES_ERROR;
				CLANG_WARN_DOCUMENTATION_COMMENTS = YES;
				CLANG_WARN_EMPTY_BODY = YES;
				CLANG_WARN_ENUM_CONVERSION = YES;
				CLANG_WARN_INFINITE_RECURSION = YES;
				CLANG_WARN_INT_CONVERSION = YES;
				CLANG_WARN_OBJC_ROOT_CLASS = YES_ERROR;
				CLANG_WARN_SUSPICIOUS_MOVE = YES;
				CLANG_WARN_UNREACHABLE_CODE = YES;
				CLANG_WARN__DUPLICATE_METHOD_MATCH = YES;
				"CODE_SIGN_IDENTITY[sdk=iphoneos*]" = "iPhone Developer";
				COPY_PHASE_STRIP = NO;
				DEBUG_INFORMATION_FORMAT = "dwarf-with-dsym";
				ENABLE_NS_ASSERTIONS = NO;
				ENABLE_STRICT_OBJC_MSGSEND = YES;
				GCC_C_LANGUAGE_STANDARD = gnu99;
				GCC_NO_COMMON_BLOCKS = YES;
				GCC_WARN_64_TO_32_BIT_CONVERSION = YES;
				GCC_WARN_ABOUT_RETURN_TYPE = YES_ERROR;
				GCC_WARN_UNDECLARED_SELECTOR = YES;
				GCC_WARN_UNINITIALIZED_AUTOS = YES_AGGRESSIVE;
				GCC_WARN_UNUSED_FUNCTION = YES;
				GCC_WARN_UNUSED_VARIABLE = YES;
				IPHONEOS_DEPLOYMENT_TARGET = 10.3;
				MTL_ENABLE_DEBUG_INFO = NO;
				SDKROOT = iphoneos;
				SWIFT_OPTIMIZATION_LEVEL = "-Owholemodule";
				TARGETED_DEVICE_FAMILY = "1,2";
				VALIDATE_PRODUCT = YES;
			};
			name = Release;
		};
		D33645261EADD05700ADCECE /* Debug */ = {
			isa = XCBuildConfiguration;
			baseConfigurationReference = 5F28B8B8A76667D5BBA7549C /* Pods-LegendEats.debug.xcconfig */;
			buildSettings = {
				ASSETCATALOG_COMPILER_APPICON_NAME = AppIcon;
				DEVELOPMENT_TEAM = "";
				INFOPLIST_FILE = LegendEats/Info.plist;
				IPHONEOS_DEPLOYMENT_TARGET = 10.2;
				LD_RUNPATH_SEARCH_PATHS = "$(inherited) @executable_path/Frameworks";
				PRODUCT_BUNDLE_IDENTIFIER = james.LegendEats;
				PRODUCT_NAME = "$(TARGET_NAME)";
				SWIFT_VERSION = 3.0;
				TARGETED_DEVICE_FAMILY = 1;
			};
			name = Debug;
		};
		D33645271EADD05700ADCECE /* Release */ = {
			isa = XCBuildConfiguration;
			baseConfigurationReference = 901BA97069D0B369B497F77E /* Pods-LegendEats.release.xcconfig */;
			buildSettings = {
				ASSETCATALOG_COMPILER_APPICON_NAME = AppIcon;
				DEVELOPMENT_TEAM = "";
				INFOPLIST_FILE = LegendEats/Info.plist;
				IPHONEOS_DEPLOYMENT_TARGET = 10.2;
				LD_RUNPATH_SEARCH_PATHS = "$(inherited) @executable_path/Frameworks";
				PRODUCT_BUNDLE_IDENTIFIER = james.LegendEats;
				PRODUCT_NAME = "$(TARGET_NAME)";
				SWIFT_VERSION = 3.0;
				TARGETED_DEVICE_FAMILY = 1;
			};
			name = Release;
		};
/* End XCBuildConfiguration section */

/* Begin XCConfigurationList section */
		D336450E1EADD05700ADCECE /* Build configuration list for PBXProject "LegendEats" */ = {
			isa = XCConfigurationList;
			buildConfigurations = (
				D33645231EADD05700ADCECE /* Debug */,
				D33645241EADD05700ADCECE /* Release */,
			);
			defaultConfigurationIsVisible = 0;
			defaultConfigurationName = Release;
		};
		D33645251EADD05700ADCECE /* Build configuration list for PBXNativeTarget "LegendEats" */ = {
			isa = XCConfigurationList;
			buildConfigurations = (
				D33645261EADD05700ADCECE /* Debug */,
				D33645271EADD05700ADCECE /* Release */,
			);
			defaultConfigurationIsVisible = 0;
			defaultConfigurationName = Release;
		};
/* End XCConfigurationList section */
	};
	rootObject = D336450B1EADD05700ADCECE /* Project object */;
}
